// !$*UTF8*$!
{
	archiveVersion = 1;
	classes = {
	};
	objectVersion = 50;
	objects = {

/* Begin PBXBuildFile section */
		13031D1120C2EA7F0018AE84 /* mix.jpg in Resources */ = {isa = PBXBuildFile; fileRef = 13031D1020C2EA7F0018AE84 /* mix.jpg */; };
		13031D1520C2ED660018AE84 /* MWindyHK-Bold.otf in Resources */ = {isa = PBXBuildFile; fileRef = 13031D1420C2ED650018AE84 /* MWindyHK-Bold.otf */; };
		13031D1920C2F0980018AE84 /* stop (6).png in Resources */ = {isa = PBXBuildFile; fileRef = 13031D1820C2F0970018AE84 /* stop (6).png */; };
		13031D1F20C2FCEB0018AE84 /* switch (3).png in Resources */ = {isa = PBXBuildFile; fileRef = 13031D1E20C2FCEB0018AE84 /* switch (3).png */; };
		13031D2120C2FE040018AE84 /* S__6070346.jpeg in Resources */ = {isa = PBXBuildFile; fileRef = 13031D2020C2FE030018AE84 /* S__6070346.jpeg */; };
		1310C4FB20C38C8200169E70 /* machine.png in Resources */ = {isa = PBXBuildFile; fileRef = 1310C4FA20C38C8100169E70 /* machine.png */; };
		131661E520C579020057C7D5 /* button.png in Resources */ = {isa = PBXBuildFile; fileRef = 131661E420C579010057C7D5 /* button.png */; };
		131661E720C57D950057C7D5 /* AboutController.swift in Sources */ = {isa = PBXBuildFile; fileRef = 131661E620C57D950057C7D5 /* AboutController.swift */; };
		131AD63D20CBC92A002F883A /* approve.png in Resources */ = {isa = PBXBuildFile; fileRef = 131AD63C20CBC92A002F883A /* approve.png */; };
		131AD63F20CBC935002F883A /* controller.png in Resources */ = {isa = PBXBuildFile; fileRef = 131AD63E20CBC934002F883A /* controller.png */; };
		1327752820C1D5920050AD0A /* AppDelegate.swift in Sources */ = {isa = PBXBuildFile; fileRef = 1327752720C1D5920050AD0A /* AppDelegate.swift */; };
		1327752A20C1D5920050AD0A /* ViewController.swift in Sources */ = {isa = PBXBuildFile; fileRef = 1327752920C1D5920050AD0A /* ViewController.swift */; };
		1327752D20C1D5920050AD0A /* Main.storyboard in Resources */ = {isa = PBXBuildFile; fileRef = 1327752B20C1D5920050AD0A /* Main.storyboard */; };
		1327752F20C1D5940050AD0A /* Assets.xcassets in Resources */ = {isa = PBXBuildFile; fileRef = 1327752E20C1D5940050AD0A /* Assets.xcassets */; };
		1327753220C1D5940050AD0A /* LaunchScreen.storyboard in Resources */ = {isa = PBXBuildFile; fileRef = 1327753020C1D5940050AD0A /* LaunchScreen.storyboard */; };
		1327753C20C1DD8D0050AD0A /* MixerController.swift in Sources */ = {isa = PBXBuildFile; fileRef = 1327753B20C1DD8D0050AD0A /* MixerController.swift */; };
		1327753F20C2982B0050AD0A /* icons8-mixer.png in Resources */ = {isa = PBXBuildFile; fileRef = 1327753E20C2982B0050AD0A /* icons8-mixer.png */; };
		1327754120C29C6D0050AD0A /* icons8-deployment.png in Resources */ = {isa = PBXBuildFile; fileRef = 1327754020C29C6C0050AD0A /* icons8-deployment.png */; };
		1327754320C29F360050AD0A /* icons8-engine.png in Resources */ = {isa = PBXBuildFile; fileRef = 1327754220C29F360050AD0A /* icons8-engine.png */; };
		1327754520C2A0A80050AD0A /* icons8-robot.png in Resources */ = {isa = PBXBuildFile; fileRef = 1327754420C2A0A80050AD0A /* icons8-robot.png */; };
		1327754720C2A3A40050AD0A /* check-mark (1).png in Resources */ = {isa = PBXBuildFile; fileRef = 1327754620C2A3A40050AD0A /* check-mark (1).png */; };
		1327754920C2A53E0050AD0A /* information (1).png in Resources */ = {isa = PBXBuildFile; fileRef = 1327754820C2A53D0050AD0A /* information (1).png */; };
		1327754B20C2A6AB0050AD0A /* ConveyorController.swift in Sources */ = {isa = PBXBuildFile; fileRef = 1327754A20C2A6AB0050AD0A /* ConveyorController.swift */; };
		1327754D20C2A7600050AD0A /* ProcessController.swift in Sources */ = {isa = PBXBuildFile; fileRef = 1327754C20C2A7600050AD0A /* ProcessController.swift */; };
		1327754F20C2A87B0050AD0A /* TestingController.swift in Sources */ = {isa = PBXBuildFile; fileRef = 1327754E20C2A87B0050AD0A /* TestingController.swift */; };
		1327755120C2A97D0050AD0A /* RobotController.swift in Sources */ = {isa = PBXBuildFile; fileRef = 1327755020C2A97D0050AD0A /* RobotController.swift */; };
/* End PBXBuildFile section */

/* Begin PBXFileReference section */
		13031D1020C2EA7F0018AE84 /* mix.jpg */ = {isa = PBXFileReference; lastKnownFileType = image.jpeg; path = mix.jpg; sourceTree = "<group>"; };
		13031D1420C2ED650018AE84 /* MWindyHK-Bold.otf */ = {isa = PBXFileReference; lastKnownFileType = file; path = "MWindyHK-Bold.otf"; sourceTree = "<group>"; };
		13031D1820C2F0970018AE84 /* stop (6).png */ = {isa = PBXFileReference; lastKnownFileType = image.png; path = "stop (6).png"; sourceTree = "<group>"; };
		13031D1E20C2FCEB0018AE84 /* switch (3).png */ = {isa = PBXFileReference; lastKnownFileType = image.png; path = "switch (3).png"; sourceTree = "<group>"; };
		13031D2020C2FE030018AE84 /* S__6070346.jpeg */ = {isa = PBXFileReference; lastKnownFileType = image.jpeg; path = S__6070346.jpeg; sourceTree = "<group>"; };
		1310C4FA20C38C8100169E70 /* machine.png */ = {isa = PBXFileReference; lastKnownFileType = image.png; path = machine.png; sourceTree = "<group>"; };
		131661E420C579010057C7D5 /* button.png */ = {isa = PBXFileReference; lastKnownFileType = image.png; path = button.png; sourceTree = "<group>"; };
		131661E620C57D950057C7D5 /* AboutController.swift */ = {isa = PBXFileReference; lastKnownFileType = sourcecode.swift; path = AboutController.swift; sourceTree = "<group>"; };
		131AD63C20CBC92A002F883A /* approve.png */ = {isa = PBXFileReference; lastKnownFileType = image.png; path = approve.png; sourceTree = "<group>"; };
		131AD63E20CBC934002F883A /* controller.png */ = {isa = PBXFileReference; lastKnownFileType = image.png; path = controller.png; sourceTree = "<group>"; };
		1327752420C1D5920050AD0A /* factory.app */ = {isa = PBXFileReference; explicitFileType = wrapper.application; includeInIndex = 0; path = factory.app; sourceTree = BUILT_PRODUCTS_DIR; };
		1327752720C1D5920050AD0A /* AppDelegate.swift */ = {isa = PBXFileReference; lastKnownFileType = sourcecode.swift; path = AppDelegate.swift; sourceTree = "<group>"; };
		1327752920C1D5920050AD0A /* ViewController.swift */ = {isa = PBXFileReference; lastKnownFileType = sourcecode.swift; path = ViewController.swift; sourceTree = "<group>"; };
		1327752C20C1D5920050AD0A /* Base */ = {isa = PBXFileReference; lastKnownFileType = file.storyboard; name = Base; path = Base.lproj/Main.storyboard; sourceTree = "<group>"; };
		1327752E20C1D5940050AD0A /* Assets.xcassets */ = {isa = PBXFileReference; lastKnownFileType = folder.assetcatalog; path = Assets.xcassets; sourceTree = "<group>"; };
		1327753120C1D5940050AD0A /* Base */ = {isa = PBXFileReference; lastKnownFileType = file.storyboard; name = Base; path = Base.lproj/LaunchScreen.storyboard; sourceTree = "<group>"; };
		1327753320C1D5940050AD0A /* Info.plist */ = {isa = PBXFileReference; lastKnownFileType = text.plist.xml; path = Info.plist; sourceTree = "<group>"; };
		1327753B20C1DD8D0050AD0A /* MixerController.swift */ = {isa = PBXFileReference; lastKnownFileType = sourcecode.swift; path = MixerController.swift; sourceTree = "<group>"; };
		1327753E20C2982B0050AD0A /* icons8-mixer.png */ = {isa = PBXFileReference; lastKnownFileType = image.png; path = "icons8-mixer.png"; sourceTree = "<group>"; };
		1327754020C29C6C0050AD0A /* icons8-deployment.png */ = {isa = PBXFileReference; lastKnownFileType = image.png; path = "icons8-deployment.png"; sourceTree = "<group>"; };
		1327754220C29F360050AD0A /* icons8-engine.png */ = {isa = PBXFileReference; lastKnownFileType = image.png; path = "icons8-engine.png"; sourceTree = "<group>"; };
		1327754420C2A0A80050AD0A /* icons8-robot.png */ = {isa = PBXFileReference; lastKnownFileType = image.png; path = "icons8-robot.png"; sourceTree = "<group>"; };
		1327754620C2A3A40050AD0A /* check-mark (1).png */ = {isa = PBXFileReference; lastKnownFileType = image.png; path = "check-mark (1).png"; sourceTree = "<group>"; };
		1327754820C2A53D0050AD0A /* information (1).png */ = {isa = PBXFileReference; lastKnownFileType = image.png; path = "information (1).png"; sourceTree = "<group>"; };
		1327754A20C2A6AB0050AD0A /* ConveyorController.swift */ = {isa = PBXFileReference; lastKnownFileType = sourcecode.swift; path = ConveyorController.swift; sourceTree = "<group>"; };
		1327754C20C2A7600050AD0A /* ProcessController.swift */ = {isa = PBXFileReference; lastKnownFileType = sourcecode.swift; path = ProcessController.swift; sourceTree = "<group>"; };
		1327754E20C2A87B0050AD0A /* TestingController.swift */ = {isa = PBXFileReference; lastKnownFileType = sourcecode.swift; path = TestingController.swift; sourceTree = "<group>"; };
		1327755020C2A97D0050AD0A /* RobotController.swift */ = {isa = PBXFileReference; lastKnownFileType = sourcecode.swift; path = RobotController.swift; sourceTree = "<group>"; };
/* End PBXFileReference section */

/* Begin PBXFrameworksBuildPhase section */
		1327752120C1D5920050AD0A /* Frameworks */ = {
			isa = PBXFrameworksBuildPhase;
			buildActionMask = 2147483647;
			files = (
			);
			runOnlyForDeploymentPostprocessing = 0;
		};
/* End PBXFrameworksBuildPhase section */

/* Begin PBXGroup section */
		13031D0F20C2EA600018AE84 /* image */ = {
			isa = PBXGroup;
			children = (
				131AD63E20CBC934002F883A /* controller.png */,
				131AD63C20CBC92A002F883A /* approve.png */,
				131661E420C579010057C7D5 /* button.png */,
				1310C4FA20C38C8100169E70 /* machine.png */,
				13031D2020C2FE030018AE84 /* S__6070346.jpeg */,
				13031D1E20C2FCEB0018AE84 /* switch (3).png */,
				13031D1820C2F0970018AE84 /* stop (6).png */,
				13031D1020C2EA7F0018AE84 /* mix.jpg */,
			);
			path = image;
			sourceTree = "<group>";
		};
		13031D1320C2ED350018AE84 /* Fonts */ = {
			isa = PBXGroup;
			children = (
				13031D1420C2ED650018AE84 /* MWindyHK-Bold.otf */,
			);
			path = Fonts;
			sourceTree = "<group>";
		};
		1327751B20C1D5920050AD0A = {
			isa = PBXGroup;
			children = (
				1327752620C1D5920050AD0A /* factory */,
				1327752520C1D5920050AD0A /* Products */,
			);
			sourceTree = "<group>";
		};
		1327752520C1D5920050AD0A /* Products */ = {
			isa = PBXGroup;
			children = (
				1327752420C1D5920050AD0A /* factory.app */,
			);
			name = Products;
			sourceTree = "<group>";
		};
		1327752620C1D5920050AD0A /* factory */ = {
			isa = PBXGroup;
			children = (
				13031D1320C2ED350018AE84 /* Fonts */,
				13031D0F20C2EA600018AE84 /* image */,
				1327753D20C241280050AD0A /* Home_img */,
				1327752720C1D5920050AD0A /* AppDelegate.swift */,
				1327752920C1D5920050AD0A /* ViewController.swift */,
				1327752B20C1D5920050AD0A /* Main.storyboard */,
				1327752E20C1D5940050AD0A /* Assets.xcassets */,
				1327753020C1D5940050AD0A /* LaunchScreen.storyboard */,
				1327753320C1D5940050AD0A /* Info.plist */,
				1327753B20C1DD8D0050AD0A /* MixerController.swift */,
				1327754A20C2A6AB0050AD0A /* ConveyorController.swift */,
				1327754C20C2A7600050AD0A /* ProcessController.swift */,
				1327754E20C2A87B0050AD0A /* TestingController.swift */,
				1327755020C2A97D0050AD0A /* RobotController.swift */,
				131661E620C57D950057C7D5 /* AboutController.swift */,
			);
			path = factory;
			sourceTree = "<group>";
		};
		1327753D20C241280050AD0A /* Home_img */ = {
			isa = PBXGroup;
			children = (
				1327754820C2A53D0050AD0A /* information (1).png */,
				1327754620C2A3A40050AD0A /* check-mark (1).png */,
				1327754420C2A0A80050AD0A /* icons8-robot.png */,
				1327754220C29F360050AD0A /* icons8-engine.png */,
				1327754020C29C6C0050AD0A /* icons8-deployment.png */,
				1327753E20C2982B0050AD0A /* icons8-mixer.png */,
			);
			path = Home_img;
			sourceTree = "<group>";
		};
/* End PBXGroup section */

/* Begin PBXNativeTarget section */
		1327752320C1D5920050AD0A /* factory */ = {
			isa = PBXNativeTarget;
			buildConfigurationList = 1327753620C1D5940050AD0A /* Build configuration list for PBXNativeTarget "factory" */;
			buildPhases = (
				1327752020C1D5920050AD0A /* Sources */,
				1327752120C1D5920050AD0A /* Frameworks */,
				1327752220C1D5920050AD0A /* Resources */,
			);
			buildRules = (
			);
			dependencies = (
			);
			name = factory;
			productName = factory;
			productReference = 1327752420C1D5920050AD0A /* factory.app */;
			productType = "com.apple.product-type.application";
		};
/* End PBXNativeTarget section */

/* Begin PBXProject section */
		1327751C20C1D5920050AD0A /* Project object */ = {
			isa = PBXProject;
			attributes = {
				LastSwiftUpdateCheck = 0930;
				LastUpgradeCheck = 0930;
				ORGANIZATIONNAME = "Jing-Ru Sun";
				TargetAttributes = {
					1327752320C1D5920050AD0A = {
						CreatedOnToolsVersion = 9.3.1;
					};
				};
			};
			buildConfigurationList = 1327751F20C1D5920050AD0A /* Build configuration list for PBXProject "factory" */;
			compatibilityVersion = "Xcode 9.3";
			developmentRegion = en;
			hasScannedForEncodings = 0;
			knownRegions = (
				en,
				Base,
			);
			mainGroup = 1327751B20C1D5920050AD0A;
			productRefGroup = 1327752520C1D5920050AD0A /* Products */;
			projectDirPath = "";
			projectRoot = "";
			targets = (
				1327752320C1D5920050AD0A /* factory */,
			);
		};
/* End PBXProject section */

/* Begin PBXResourcesBuildPhase section */
		1327752220C1D5920050AD0A /* Resources */ = {
			isa = PBXResourcesBuildPhase;
			buildActionMask = 2147483647;
			files = (
				13031D2120C2FE040018AE84 /* S__6070346.jpeg in Resources */,
				13031D1120C2EA7F0018AE84 /* mix.jpg in Resources */,
				1327754120C29C6D0050AD0A /* icons8-deployment.png in Resources */,
				1310C4FB20C38C8200169E70 /* machine.png in Resources */,
				1327753220C1D5940050AD0A /* LaunchScreen.storyboard in Resources */,
				1327754920C2A53E0050AD0A /* information (1).png in Resources */,
				13031D1F20C2FCEB0018AE84 /* switch (3).png in Resources */,
				1327753F20C2982B0050AD0A /* icons8-mixer.png in Resources */,
				1327754520C2A0A80050AD0A /* icons8-robot.png in Resources */,
				131AD63F20CBC935002F883A /* controller.png in Resources */,
				131AD63D20CBC92A002F883A /* approve.png in Resources */,
				131661E520C579020057C7D5 /* button.png in Resources */,
				1327752F20C1D5940050AD0A /* Assets.xcassets in Resources */,
				13031D1520C2ED660018AE84 /* MWindyHK-Bold.otf in Resources */,
				1327754720C2A3A40050AD0A /* check-mark (1).png in Resources */,
				13031D1920C2F0980018AE84 /* stop (6).png in Resources */,
				1327752D20C1D5920050AD0A /* Main.storyboard in Resources */,
				1327754320C29F360050AD0A /* icons8-engine.png in Resources */,
			);
			runOnlyForDeploymentPostprocessing = 0;
		};
/* End PBXResourcesBuildPhase section */

/* Begin PBXSourcesBuildPhase section */
		1327752020C1D5920050AD0A /* Sources */ = {
			isa = PBXSourcesBuildPhase;
			buildActionMask = 2147483647;
			files = (
				1327754B20C2A6AB0050AD0A /* ConveyorController.swift in Sources */,
				1327754D20C2A7600050AD0A /* ProcessController.swift in Sources */,
				1327754F20C2A87B0050AD0A /* TestingController.swift in Sources */,
				1327752A20C1D5920050AD0A /* ViewController.swift in Sources */,
				1327752820C1D5920050AD0A /* AppDelegate.swift in Sources */,
				1327755120C2A97D0050AD0A /* RobotController.swift in Sources */,
				1327753C20C1DD8D0050AD0A /* MixerController.swift in Sources */,
				131661E720C57D950057C7D5 /* AboutController.swift in Sources */,
			);
			runOnlyForDeploymentPostprocessing = 0;
		};
/* End PBXSourcesBuildPhase section */

/* Begin PBXVariantGroup section */
		1327752B20C1D5920050AD0A /* Main.storyboard */ = {
			isa = PBXVariantGroup;
			children = (
				1327752C20C1D5920050AD0A /* Base */,
			);
			name = Main.storyboard;
			sourceTree = "<group>";
		};
		1327753020C1D5940050AD0A /* LaunchScreen.storyboard */ = {
			isa = PBXVariantGroup;
			children = (
				1327753120C1D5940050AD0A /* Base */,
			);
			name = LaunchScreen.storyboard;
			sourceTree = "<group>";
		};
/* End PBXVariantGroup section */

/* Begin XCBuildConfiguration section */
		1327753420C1D5940050AD0A /* Debug */ = {
			isa = XCBuildConfiguration;
			buildSettings = {
				ALWAYS_SEARCH_USER_PATHS = NO;
				CLANG_ANALYZER_NONNULL = YES;
				CLANG_ANALYZER_NUMBER_OBJECT_CONVERSION = YES_AGGRESSIVE;
				CLANG_CXX_LANGUAGE_STANDARD = "gnu++14";
				CLANG_CXX_LIBRARY = "libc++";
				CLANG_ENABLE_MODULES = YES;
				CLANG_ENABLE_OBJC_ARC = YES;
				CLANG_ENABLE_OBJC_WEAK = YES;
				CLANG_WARN_BLOCK_CAPTURE_AUTORELEASING = YES;
				CLANG_WARN_BOOL_CONVERSION = YES;
				CLANG_WARN_COMMA = YES;
				CLANG_WARN_CONSTANT_CONVERSION = YES;
				CLANG_WARN_DEPRECATED_OBJC_IMPLEMENTATIONS = YES;
				CLANG_WARN_DIRECT_OBJC_ISA_USAGE = YES_ERROR;
				CLANG_WARN_DOCUMENTATION_COMMENTS = YES;
				CLANG_WARN_EMPTY_BODY = YES;
				CLANG_WARN_ENUM_CONVERSION = YES;
				CLANG_WARN_INFINITE_RECURSION = YES;
				CLANG_WARN_INT_CONVERSION = YES;
				CLANG_WARN_NON_LITERAL_NULL_CONVERSION = YES;
				CLANG_WARN_OBJC_IMPLICIT_RETAIN_SELF = YES;
				CLANG_WARN_OBJC_LITERAL_CONVERSION = YES;
				CLANG_WARN_OBJC_ROOT_CLASS = YES_ERROR;
				CLANG_WARN_RANGE_LOOP_ANALYSIS = YES;
				CLANG_WARN_STRICT_PROTOTYPES = YES;
				CLANG_WARN_SUSPICIOUS_MOVE = YES;
				CLANG_WARN_UNGUARDED_AVAILABILITY = YES_AGGRESSIVE;
				CLANG_WARN_UNREACHABLE_CODE = YES;
				CLANG_WARN__DUPLICATE_METHOD_MATCH = YES;
				CODE_SIGN_IDENTITY = "iPhone Developer";
				COPY_PHASE_STRIP = NO;
				DEBUG_INFORMATION_FORMAT = dwarf;
				ENABLE_STRICT_OBJC_MSGSEND = YES;
				ENABLE_TESTABILITY = YES;
				GCC_C_LANGUAGE_STANDARD = gnu11;
				GCC_DYNAMIC_NO_PIC = NO;
				GCC_NO_COMMON_BLOCKS = YES;
				GCC_OPTIMIZATION_LEVEL = 0;
				GCC_PREPROCESSOR_DEFINITIONS = (
					"DEBUG=1",
					"$(inherited)",
				);
				GCC_WARN_64_TO_32_BIT_CONVERSION = YES;
				GCC_WARN_ABOUT_RETURN_TYPE = YES_ERROR;
				GCC_WARN_UNDECLARED_SELECTOR = YES;
				GCC_WARN_UNINITIALIZED_AUTOS = YES_AGGRESSIVE;
				GCC_WARN_UNUSED_FUNCTION = YES;
				GCC_WARN_UNUSED_VARIABLE = YES;
				IPHONEOS_DEPLOYMENT_TARGET = 11.3;
				MTL_ENABLE_DEBUG_INFO = YES;
				ONLY_ACTIVE_ARCH = YES;
				SDKROOT = iphoneos;
				SWIFT_ACTIVE_COMPILATION_CONDITIONS = DEBUG;
				SWIFT_OPTIMIZATION_LEVEL = "-Onone";
			};
			name = Debug;
		};
		1327753520C1D5940050AD0A /* Release */ = {
			isa = XCBuildConfiguration;
			buildSettings = {
				ALWAYS_SEARCH_USER_PATHS = NO;
				CLANG_ANALYZER_NONNULL = YES;
				CLANG_ANALYZER_NUMBER_OBJECT_CONVERSION = YES_AGGRESSIVE;
				CLANG_CXX_LANGUAGE_STANDARD = "gnu++14";
				CLANG_CXX_LIBRARY = "libc++";
				CLANG_ENABLE_MODULES = YES;
				CLANG_ENABLE_OBJC_ARC = YES;
				CLANG_ENABLE_OBJC_WEAK = YES;
				CLANG_WARN_BLOCK_CAPTURE_AUTORELEASING = YES;
				CLANG_WARN_BOOL_CONVERSION = YES;
				CLANG_WARN_COMMA = YES;
				CLANG_WARN_CONSTANT_CONVERSION = YES;
				CLANG_WARN_DEPRECATED_OBJC_IMPLEMENTATIONS = YES;
				CLANG_WARN_DIRECT_OBJC_ISA_USAGE = YES_ERROR;
				CLANG_WARN_DOCUMENTATION_COMMENTS = YES;
				CLANG_WARN_EMPTY_BODY = YES;
				CLANG_WARN_ENUM_CONVERSION = YES;
				CLANG_WARN_INFINITE_RECURSION = YES;
				CLANG_WARN_INT_CONVERSION = YES;
				CLANG_WARN_NON_LITERAL_NULL_CONVERSION = YES;
				CLANG_WARN_OBJC_IMPLICIT_RETAIN_SELF = YES;
				CLANG_WARN_OBJC_LITERAL_CONVERSION = YES;
				CLANG_WARN_OBJC_ROOT_CLASS = YES_ERROR;
				CLANG_WARN_RANGE_LOOP_ANALYSIS = YES;
				CLANG_WARN_STRICT_PROTOTYPES = YES;
				CLANG_WARN_SUSPICIOUS_MOVE = YES;
				CLANG_WARN_UNGUARDED_AVAILABILITY = YES_AGGRESSIVE;
				CLANG_WARN_UNREACHABLE_CODE = YES;
				CLANG_WARN__DUPLICATE_METHOD_MATCH = YES;
				CODE_SIGN_IDENTITY = "iPhone Developer";
				COPY_PHASE_STRIP = NO;
				DEBUG_INFORMATION_FORMAT = "dwarf-with-dsym";
				ENABLE_NS_ASSERTIONS = NO;
				ENABLE_STRICT_OBJC_MSGSEND = YES;
				GCC_C_LANGUAGE_STANDARD = gnu11;
				GCC_NO_COMMON_BLOCKS = YES;
				GCC_WARN_64_TO_32_BIT_CONVERSION = YES;
				GCC_WARN_ABOUT_RETURN_TYPE = YES_ERROR;
				GCC_WARN_UNDECLARED_SELECTOR = YES;
				GCC_WARN_UNINITIALIZED_AUTOS = YES_AGGRESSIVE;
				GCC_WARN_UNUSED_FUNCTION = YES;
				GCC_WARN_UNUSED_VARIABLE = YES;
				IPHONEOS_DEPLOYMENT_TARGET = 11.3;
				MTL_ENABLE_DEBUG_INFO = NO;
				SDKROOT = iphoneos;
				SWIFT_COMPILATION_MODE = wholemodule;
				SWIFT_OPTIMIZATION_LEVEL = "-O";
				VALIDATE_PRODUCT = YES;
			};
			name = Release;
		};
		1327753720C1D5940050AD0A /* Debug */ = {
			isa = XCBuildConfiguration;
			buildSettings = {
				ASSETCATALOG_COMPILER_APPICON_NAME = AppIcon;
				CODE_SIGN_STYLE = Automatic;
				DEVELOPMENT_TEAM = T3FDAV56VP;
				INFOPLIST_FILE = factory/Info.plist;
				LD_RUNPATH_SEARCH_PATHS = (
					"$(inherited)",
					"@executable_path/Frameworks",
				);
				PRODUCT_BUNDLE_IDENTIFIER = com.MLR.factory;
				PRODUCT_NAME = "$(TARGET_NAME)";
				SWIFT_VERSION = 4.0;
				TARGETED_DEVICE_FAMILY = "1,2";
			};
			name = Debug;
		};
		1327753820C1D5940050AD0A /* Release */ = {
			isa = XCBuildConfiguration;
			buildSettings = {
				ASSETCATALOG_COMPILER_APPICON_NAME = AppIcon;
				CODE_SIGN_STYLE = Automatic;
				DEVELOPMENT_TEAM = T3FDAV56VP;
				INFOPLIST_FILE = factory/Info.plist;
				LD_RUNPATH_SEARCH_PATHS = (
					"$(inherited)",
					"@executable_path/Frameworks",
				);
				PRODUCT_BUNDLE_IDENTIFIER = com.MLR.factory;
				PRODUCT_NAME = "$(TARGET_NAME)";
				SWIFT_VERSION = 4.0;
				TARGETED_DEVICE_FAMILY = "1,2";
			};
			name = Release;
		};
/* End XCBuildConfiguration section */

/* Begin XCConfigurationList section */
		1327751F20C1D5920050AD0A /* Build configuration list for PBXProject "factory" */ = {
			isa = XCConfigurationList;
			buildConfigurations = (
				1327753420C1D5940050AD0A /* Debug */,
				1327753520C1D5940050AD0A /* Release */,
			);
			defaultConfigurationIsVisible = 0;
			defaultConfigurationName = Release;
		};
		1327753620C1D5940050AD0A /* Build configuration list for PBXNativeTarget "factory" */ = {
			isa = XCConfigurationList;
			buildConfigurations = (
				1327753720C1D5940050AD0A /* Debug */,
				1327753820C1D5940050AD0A /* Release */,
			);
			defaultConfigurationIsVisible = 0;
			defaultConfigurationName = Release;
		};
/* End XCConfigurationList section */
	};
	rootObject = 1327751C20C1D5920050AD0A /* Project object */;
}
